
Microsoft Visual Studio Solution File, Format Version 12.00
# Visual Studio Version 17
VisualStudioVersion = 17.0.31919.166
MinimumVisualStudioVersion = 10.0.40219.1
Project("{FAE04EC0-301F-11D3-BF4B-00C04F79EFBC}") = "EFM ado.net", "EFM ado.net\EFM ado.net.csproj", "{89A42409-02FA-43B5-AB0C-77039C7ED808}"
EndProject
Global
	GlobalSection(SolutionConfigurationPlatforms) = preSolution
		Debug|Any CPU = Debug|Any CPU
		Release|Any CPU = Release|Any CPU
	EndGlobalSection
	GlobalSection(ProjectConfigurationPlatforms) = postSolution
		{89A42409-02FA-43B5-AB0C-77039C7ED808}.Debug|Any CPU.ActiveCfg = Debug|Any CPU
		{89A42409-02FA-43B5-AB0C-77039C7ED808}.Debug|Any CPU.Build.0 = Debug|Any CPU
		{89A42409-02FA-43B5-AB0C-77039C7ED808}.Release|Any CPU.ActiveCfg = Release|Any CPU
		{89A42409-02FA-43B5-AB0C-77039C7ED808}.Release|Any CPU.Build.0 = Release|Any CPU
	EndGlobalSection
	GlobalSection(SolutionProperties) = preSolution
		HideSolutionNode = FALSE
	EndGlobalSection
	GlobalSection(ExtensibilityGlobals) = postSolution
		SolutionGuid = {32D1405F-DCF2-488B-8E77-D4D58525C309}
	EndGlobalSection
EndGlobal
